
Microsoft Visual Studio Solution File, Format Version 12.00
# Visual Studio Version 17
VisualStudioVersion = 17.14.36429.23 d17.14
MinimumVisualStudioVersion = 10.0.40219.1
Project("{FAE04EC0-301F-11D3-BF4B-00C04F79EFBC}") = "RefugeAnimauxWPF", "RefugeAnimauxWPF\RefugeAnimauxWPF.csproj", "{2C06BC2A-2C16-4CFC-B873-81FC2B4207A8}"
EndProject
Global
	GlobalSection(SolutionConfigurationPlatforms) = preSolution
		Debug|Any CPU = Debug|Any CPU
		Release|Any CPU = Release|Any CPU
	EndGlobalSection
	GlobalSection(ProjectConfigurationPlatforms) = postSolution
		{2C06BC2A-2C16-4CFC-B873-81FC2B4207A8}.Debug|Any CPU.ActiveCfg = Debug|Any CPU
		{2C06BC2A-2C16-4CFC-B873-81FC2B4207A8}.Debug|Any CPU.Build.0 = Debug|Any CPU
		{2C06BC2A-2C16-4CFC-B873-81FC2B4207A8}.Release|Any CPU.ActiveCfg = Release|Any CPU
		{2C06BC2A-2C16-4CFC-B873-81FC2B4207A8}.Release|Any CPU.Build.0 = Release|Any CPU
	EndGlobalSection
	GlobalSection(SolutionProperties) = preSolution
		HideSolutionNode = FALSE
	EndGlobalSection
	GlobalSection(ExtensibilityGlobals) = postSolution
		SolutionGuid = {60A85E41-188D-4CBE-93A2-F900832B774C}
	EndGlobalSection
EndGlobal
